
Microsoft Visual Studio Solution File, Format Version 12.00
# Visual Studio 15
VisualStudioVersion = 15.0.27004.2008
MinimumVisualStudioVersion = 10.0.40219.1
Project("{FAE04EC0-301F-11D3-BF4B-00C04F79EFBC}") = "TraceContextConsoleApp", "TraceContext\TraceContextConsoleApp.csproj", "{CF91B346-426C-41D0-A276-E3655E331B8F}"
EndProject
Global
	GlobalSection(SolutionConfigurationPlatforms) = preSolution
		Debug|Any CPU = Debug|Any CPU
		Release|Any CPU = Release|Any CPU
	EndGlobalSection
	GlobalSection(ProjectConfigurationPlatforms) = postSolution
		{CF91B346-426C-41D0-A276-E3655E331B8F}.Debug|Any CPU.ActiveCfg = Debug|Any CPU
		{CF91B346-426C-41D0-A276-E3655E331B8F}.Debug|Any CPU.Build.0 = Debug|Any CPU
		{CF91B346-426C-41D0-A276-E3655E331B8F}.Release|Any CPU.ActiveCfg = Release|Any CPU
		{CF91B346-426C-41D0-A276-E3655E331B8F}.Release|Any CPU.Build.0 = Release|Any CPU
	EndGlobalSection
	GlobalSection(SolutionProperties) = preSolution
		HideSolutionNode = FALSE
	EndGlobalSection
	GlobalSection(ExtensibilityGlobals) = postSolution
		SolutionGuid = {FED41E66-9BC2-49A1-AD56-86293EBBECA0}
	EndGlobalSection
EndGlobal
